// !$*UTF8*$!
{
	archiveVersion = 1;
	classes = {
	};
	objectVersion = 56;
	objects = {

/* Begin PBXBuildFile section */
		B390B4272B34698A00EA0A1C /* MonitorView.swift in Sources */ = {isa = PBXBuildFile; fileRef = B390B4262B34698A00EA0A1C /* MonitorView.swift */; };
		B3D190102B3463A0009610FA /* ReliefApp.swift in Sources */ = {isa = PBXBuildFile; fileRef = B3D1900F2B3463A0009610FA /* ReliefApp.swift */; };
		B3D190142B3463A1009610FA /* Assets.xcassets in Resources */ = {isa = PBXBuildFile; fileRef = B3D190132B3463A1009610FA /* Assets.xcassets */; };
		B3D190172B3463A1009610FA /* Preview Assets.xcassets in Resources */ = {isa = PBXBuildFile; fileRef = B3D190162B3463A1009610FA /* Preview Assets.xcassets */; };
		B3D190212B3463A1009610FA /* ReliefTests.swift in Sources */ = {isa = PBXBuildFile; fileRef = B3D190202B3463A1009610FA /* ReliefTests.swift */; };
		B3D1902B2B3463A1009610FA /* ReliefUITests.swift in Sources */ = {isa = PBXBuildFile; fileRef = B3D1902A2B3463A1009610FA /* ReliefUITests.swift */; };
		B3D1902D2B3463A1009610FA /* ReliefUITestsLaunchTests.swift in Sources */ = {isa = PBXBuildFile; fileRef = B3D1902C2B3463A1009610FA /* ReliefUITestsLaunchTests.swift */; };
		B3E63E602B4D0AF90014C6E7 /* SettingsView.swift in Sources */ = {isa = PBXBuildFile; fileRef = B3E63E5F2B4D0AF90014C6E7 /* SettingsView.swift */; };
		B3EF81BF2B4CBB0E007C1B71 /* HomeView.swift in Sources */ = {isa = PBXBuildFile; fileRef = B3EF81BE2B4CBB0E007C1B71 /* HomeView.swift */; };
		B3EF81CB2B4CDEDA007C1B71 /* LoginView.swift in Sources */ = {isa = PBXBuildFile; fileRef = B3EF81CA2B4CDEDA007C1B71 /* LoginView.swift */; };
		B3EF81CD2B4CDFA8007C1B71 /* SignUpView.swift in Sources */ = {isa = PBXBuildFile; fileRef = B3EF81CC2B4CDFA8007C1B71 /* SignUpView.swift */; };
/* End PBXBuildFile section */

/* Begin PBXContainerItemProxy section */
		B3D1901D2B3463A1009610FA /* PBXContainerItemProxy */ = {
			isa = PBXContainerItemProxy;
			containerPortal = B3D190042B3463A0009610FA /* Project object */;
			proxyType = 1;
			remoteGlobalIDString = B3D1900B2B3463A0009610FA;
			remoteInfo = Relief;
		};
		B3D190272B3463A1009610FA /* PBXContainerItemProxy */ = {
			isa = PBXContainerItemProxy;
			containerPortal = B3D190042B3463A0009610FA /* Project object */;
			proxyType = 1;
			remoteGlobalIDString = B3D1900B2B3463A0009610FA;
			remoteInfo = Relief;
		};
/* End PBXContainerItemProxy section */

/* Begin PBXFileReference section */
		B390B4262B34698A00EA0A1C /* MonitorView.swift */ = {isa = PBXFileReference; lastKnownFileType = sourcecode.swift; path = MonitorView.swift; sourceTree = "<group>"; };
		B3D1900C2B3463A0009610FA /* Relief.app */ = {isa = PBXFileReference; explicitFileType = wrapper.application; includeInIndex = 0; path = Relief.app; sourceTree = BUILT_PRODUCTS_DIR; };
		B3D1900F2B3463A0009610FA /* ReliefApp.swift */ = {isa = PBXFileReference; lastKnownFileType = sourcecode.swift; path = ReliefApp.swift; sourceTree = "<group>"; };
		B3D190132B3463A1009610FA /* Assets.xcassets */ = {isa = PBXFileReference; lastKnownFileType = folder.assetcatalog; path = Assets.xcassets; sourceTree = "<group>"; };
		B3D190162B3463A1009610FA /* Preview Assets.xcassets */ = {isa = PBXFileReference; lastKnownFileType = folder.assetcatalog; path = "Preview Assets.xcassets"; sourceTree = "<group>"; };
		B3D1901C2B3463A1009610FA /* ReliefTests.xctest */ = {isa = PBXFileReference; explicitFileType = wrapper.cfbundle; includeInIndex = 0; path = ReliefTests.xctest; sourceTree = BUILT_PRODUCTS_DIR; };
		B3D190202B3463A1009610FA /* ReliefTests.swift */ = {isa = PBXFileReference; lastKnownFileType = sourcecode.swift; path = ReliefTests.swift; sourceTree = "<group>"; };
		B3D190262B3463A1009610FA /* ReliefUITests.xctest */ = {isa = PBXFileReference; explicitFileType = wrapper.cfbundle; includeInIndex = 0; path = ReliefUITests.xctest; sourceTree = BUILT_PRODUCTS_DIR; };
		B3D1902A2B3463A1009610FA /* ReliefUITests.swift */ = {isa = PBXFileReference; lastKnownFileType = sourcecode.swift; path = ReliefUITests.swift; sourceTree = "<group>"; };
		B3D1902C2B3463A1009610FA /* ReliefUITestsLaunchTests.swift */ = {isa = PBXFileReference; lastKnownFileType = sourcecode.swift; path = ReliefUITestsLaunchTests.swift; sourceTree = "<group>"; };
		B3E63E5D2B4D030B0014C6E7 /* Info.plist */ = {isa = PBXFileReference; lastKnownFileType = text.plist; path = Info.plist; sourceTree = "<group>"; };
		B3E63E5F2B4D0AF90014C6E7 /* SettingsView.swift */ = {isa = PBXFileReference; lastKnownFileType = sourcecode.swift; path = SettingsView.swift; sourceTree = "<group>"; };
		B3EF81BE2B4CBB0E007C1B71 /* HomeView.swift */ = {isa = PBXFileReference; lastKnownFileType = sourcecode.swift; path = HomeView.swift; sourceTree = "<group>"; };
		B3EF81CA2B4CDEDA007C1B71 /* LoginView.swift */ = {isa = PBXFileReference; lastKnownFileType = sourcecode.swift; path = LoginView.swift; sourceTree = "<group>"; };
		B3EF81CC2B4CDFA8007C1B71 /* SignUpView.swift */ = {isa = PBXFileReference; lastKnownFileType = sourcecode.swift; path = SignUpView.swift; sourceTree = "<group>"; };
/* End PBXFileReference section */

/* Begin PBXFrameworksBuildPhase section */
		B3D190092B3463A0009610FA /* Frameworks */ = {
			isa = PBXFrameworksBuildPhase;
			buildActionMask = 2147483647;
			files = (
			);
			runOnlyForDeploymentPostprocessing = 0;
		};
		B3D190192B3463A1009610FA /* Frameworks */ = {
			isa = PBXFrameworksBuildPhase;
			buildActionMask = 2147483647;
			files = (
			);
			runOnlyForDeploymentPostprocessing = 0;
		};
		B3D190232B3463A1009610FA /* Frameworks */ = {
			isa = PBXFrameworksBuildPhase;
			buildActionMask = 2147483647;
			files = (
			);
			runOnlyForDeploymentPostprocessing = 0;
		};
/* End PBXFrameworksBuildPhase section */

/* Begin PBXGroup section */
		B3D190032B3463A0009610FA = {
			isa = PBXGroup;
			children = (
				B3D1900E2B3463A0009610FA /* Relief */,
				B3D1901F2B3463A1009610FA /* ReliefTests */,
				B3D190292B3463A1009610FA /* ReliefUITests */,
				B3D1900D2B3463A0009610FA /* Products */,
			);
			sourceTree = "<group>";
		};
		B3D1900D2B3463A0009610FA /* Products */ = {
			isa = PBXGroup;
			children = (
				B3D1900C2B3463A0009610FA /* Relief.app */,
				B3D1901C2B3463A1009610FA /* ReliefTests.xctest */,
				B3D190262B3463A1009610FA /* ReliefUITests.xctest */,
			);
			name = Products;
			sourceTree = "<group>";
		};
		B3D1900E2B3463A0009610FA /* Relief */ = {
			isa = PBXGroup;
			children = (
				B3E63E5E2B4D0ACB0014C6E7 /* New Group */,
				B3E63E5D2B4D030B0014C6E7 /* Info.plist */,
				B3EF81C52B4CBD5A007C1B71 /* ImageAssets */,
				B3D1900F2B3463A0009610FA /* ReliefApp.swift */,
				B3EF81BE2B4CBB0E007C1B71 /* HomeView.swift */,
				B3EF81C12B4CBB4E007C1B71 /* Settings */,
				B3D190132B3463A1009610FA /* Assets.xcassets */,
				B3EF81C02B4CBB1B007C1B71 /* Monitoring */,
				B3EF81BC2B4CBABF007C1B71 /* Login */,
				B3EF81BD2B4CBACB007C1B71 /* Statistics */,
				B3EF81C22B4CBB5F007C1B71 /* Forum */,
				B3D190152B3463A1009610FA /* Preview Content */,
			);
			path = Relief;
			sourceTree = "<group>";
		};
		B3D190152B3463A1009610FA /* Preview Content */ = {
			isa = PBXGroup;
			children = (
				B3D190162B3463A1009610FA /* Preview Assets.xcassets */,
			);
			path = "Preview Content";
			sourceTree = "<group>";
		};
		B3D1901F2B3463A1009610FA /* ReliefTests */ = {
			isa = PBXGroup;
			children = (
				B3D190202B3463A1009610FA /* ReliefTests.swift */,
			);
			path = ReliefTests;
			sourceTree = "<group>";
		};
		B3D190292B3463A1009610FA /* ReliefUITests */ = {
			isa = PBXGroup;
			children = (
				B3D1902A2B3463A1009610FA /* ReliefUITests.swift */,
				B3D1902C2B3463A1009610FA /* ReliefUITestsLaunchTests.swift */,
			);
			path = ReliefUITests;
			sourceTree = "<group>";
		};
		B3E63E5E2B4D0ACB0014C6E7 /* New Group */ = {
			isa = PBXGroup;
			children = (
			);
			path = "New Group";
			sourceTree = "<group>";
		};
		B3EF81BC2B4CBABF007C1B71 /* Login */ = {
			isa = PBXGroup;
			children = (
				B3EF81CA2B4CDEDA007C1B71 /* LoginView.swift */,
				B3EF81CC2B4CDFA8007C1B71 /* SignUpView.swift */,
			);
			path = Login;
			sourceTree = "<group>";
		};
		B3EF81BD2B4CBACB007C1B71 /* Statistics */ = {
			isa = PBXGroup;
			children = (
			);
			path = Statistics;
			sourceTree = "<group>";
		};
		B3EF81C02B4CBB1B007C1B71 /* Monitoring */ = {
			isa = PBXGroup;
			children = (
				B390B4262B34698A00EA0A1C /* MonitorView.swift */,
			);
			path = Monitoring;
			sourceTree = "<group>";
		};
		B3EF81C12B4CBB4E007C1B71 /* Settings */ = {
			isa = PBXGroup;
			children = (
				B3E63E5F2B4D0AF90014C6E7 /* SettingsView.swift */,
			);
			path = Settings;
			sourceTree = "<group>";
		};
		B3EF81C22B4CBB5F007C1B71 /* Forum */ = {
			isa = PBXGroup;
			children = (
			);
			path = Forum;
			sourceTree = "<group>";
		};
		B3EF81C52B4CBD5A007C1B71 /* ImageAssets */ = {
			isa = PBXGroup;
			children = (
			);
			path = ImageAssets;
			sourceTree = "<group>";
		};
/* End PBXGroup section */

/* Begin PBXNativeTarget section */
		B3D1900B2B3463A0009610FA /* Relief */ = {
			isa = PBXNativeTarget;
			buildConfigurationList = B3D190302B3463A1009610FA /* Build configuration list for PBXNativeTarget "Relief" */;
			buildPhases = (
				B3D190082B3463A0009610FA /* Sources */,
				B3D190092B3463A0009610FA /* Frameworks */,
				B3D1900A2B3463A0009610FA /* Resources */,
			);
			buildRules = (
			);
			dependencies = (
			);
			name = Relief;
			productName = Relief;
			productReference = B3D1900C2B3463A0009610FA /* Relief.app */;
			productType = "com.apple.product-type.application";
		};
		B3D1901B2B3463A1009610FA /* ReliefTests */ = {
			isa = PBXNativeTarget;
			buildConfigurationList = B3D190332B3463A1009610FA /* Build configuration list for PBXNativeTarget "ReliefTests" */;
			buildPhases = (
				B3D190182B3463A1009610FA /* Sources */,
				B3D190192B3463A1009610FA /* Frameworks */,
				B3D1901A2B3463A1009610FA /* Resources */,
			);
			buildRules = (
			);
			dependencies = (
				B3D1901E2B3463A1009610FA /* PBXTargetDependency */,
			);
			name = ReliefTests;
			productName = ReliefTests;
			productReference = B3D1901C2B3463A1009610FA /* ReliefTests.xctest */;
			productType = "com.apple.product-type.bundle.unit-test";
		};
		B3D190252B3463A1009610FA /* ReliefUITests */ = {
			isa = PBXNativeTarget;
			buildConfigurationList = B3D190362B3463A1009610FA /* Build configuration list for PBXNativeTarget "ReliefUITests" */;
			buildPhases = (
				B3D190222B3463A1009610FA /* Sources */,
				B3D190232B3463A1009610FA /* Frameworks */,
				B3D190242B3463A1009610FA /* Resources */,
			);
			buildRules = (
			);
			dependencies = (
				B3D190282B3463A1009610FA /* PBXTargetDependency */,
			);
			name = ReliefUITests;
			productName = ReliefUITests;
			productReference = B3D190262B3463A1009610FA /* ReliefUITests.xctest */;
			productType = "com.apple.product-type.bundle.ui-testing";
		};
/* End PBXNativeTarget section */

/* Begin PBXProject section */
		B3D190042B3463A0009610FA /* Project object */ = {
			isa = PBXProject;
			attributes = {
				BuildIndependentTargetsInParallel = 1;
				LastSwiftUpdateCheck = 1510;
				LastUpgradeCheck = 1510;
				TargetAttributes = {
					B3D1900B2B3463A0009610FA = {
						CreatedOnToolsVersion = 15.1;
					};
					B3D1901B2B3463A1009610FA = {
						CreatedOnToolsVersion = 15.1;
						TestTargetID = B3D1900B2B3463A0009610FA;
					};
					B3D190252B3463A1009610FA = {
						CreatedOnToolsVersion = 15.1;
						TestTargetID = B3D1900B2B3463A0009610FA;
					};
				};
			};
			buildConfigurationList = B3D190072B3463A0009610FA /* Build configuration list for PBXProject "Relief" */;
			compatibilityVersion = "Xcode 14.0";
			developmentRegion = en;
			hasScannedForEncodings = 0;
			knownRegions = (
				en,
				Base,
			);
			mainGroup = B3D190032B3463A0009610FA;
			productRefGroup = B3D1900D2B3463A0009610FA /* Products */;
			projectDirPath = "";
			projectRoot = "";
			targets = (
				B3D1900B2B3463A0009610FA /* Relief */,
				B3D1901B2B3463A1009610FA /* ReliefTests */,
				B3D190252B3463A1009610FA /* ReliefUITests */,
			);
		};
/* End PBXProject section */

/* Begin PBXResourcesBuildPhase section */
		B3D1900A2B3463A0009610FA /* Resources */ = {
			isa = PBXResourcesBuildPhase;
			buildActionMask = 2147483647;
			files = (
				B3D190172B3463A1009610FA /* Preview Assets.xcassets in Resources */,
				B3D190142B3463A1009610FA /* Assets.xcassets in Resources */,
			);
			runOnlyForDeploymentPostprocessing = 0;
		};
		B3D1901A2B3463A1009610FA /* Resources */ = {
			isa = PBXResourcesBuildPhase;
			buildActionMask = 2147483647;
			files = (
			);
			runOnlyForDeploymentPostprocessing = 0;
		};
		B3D190242B3463A1009610FA /* Resources */ = {
			isa = PBXResourcesBuildPhase;
			buildActionMask = 2147483647;
			files = (
			);
			runOnlyForDeploymentPostprocessing = 0;
		};
/* End PBXResourcesBuildPhase section */

/* Begin PBXSourcesBuildPhase section */
		B3D190082B3463A0009610FA /* Sources */ = {
			isa = PBXSourcesBuildPhase;
			buildActionMask = 2147483647;
			files = (
				B3EF81BF2B4CBB0E007C1B71 /* HomeView.swift in Sources */,
				B3EF81CD2B4CDFA8007C1B71 /* SignUpView.swift in Sources */,
				B390B4272B34698A00EA0A1C /* MonitorView.swift in Sources */,
				B3E63E602B4D0AF90014C6E7 /* SettingsView.swift in Sources */,
				B3EF81CB2B4CDEDA007C1B71 /* LoginView.swift in Sources */,
				B3D190102B3463A0009610FA /* ReliefApp.swift in Sources */,
			);
			runOnlyForDeploymentPostprocessing = 0;
		};
		B3D190182B3463A1009610FA /* Sources */ = {
			isa = PBXSourcesBuildPhase;
			buildActionMask = 2147483647;
			files = (
				B3D190212B3463A1009610FA /* ReliefTests.swift in Sources */,
			);
			runOnlyForDeploymentPostprocessing = 0;
		};
		B3D190222B3463A1009610FA /* Sources */ = {
			isa = PBXSourcesBuildPhase;
			buildActionMask = 2147483647;
			files = (
				B3D1902B2B3463A1009610FA /* ReliefUITests.swift in Sources */,
				B3D1902D2B3463A1009610FA /* ReliefUITestsLaunchTests.swift in Sources */,
			);
			runOnlyForDeploymentPostprocessing = 0;
		};
/* End PBXSourcesBuildPhase section */

/* Begin PBXTargetDependency section */
		B3D1901E2B3463A1009610FA /* PBXTargetDependency */ = {
			isa = PBXTargetDependency;
			target = B3D1900B2B3463A0009610FA /* Relief */;
			targetProxy = B3D1901D2B3463A1009610FA /* PBXContainerItemProxy */;
		};
		B3D190282B3463A1009610FA /* PBXTargetDependency */ = {
			isa = PBXTargetDependency;
			target = B3D1900B2B3463A0009610FA /* Relief */;
			targetProxy = B3D190272B3463A1009610FA /* PBXContainerItemProxy */;
		};
/* End PBXTargetDependency section */

/* Begin XCBuildConfiguration section */
		B3D1902E2B3463A1009610FA /* Debug */ = {
			isa = XCBuildConfiguration;
			buildSettings = {
				ALWAYS_SEARCH_USER_PATHS = NO;
				ASSETCATALOG_COMPILER_GENERATE_SWIFT_ASSET_SYMBOL_EXTENSIONS = YES;
				CLANG_ANALYZER_NONNULL = YES;
				CLANG_ANALYZER_NUMBER_OBJECT_CONVERSION = YES_AGGRESSIVE;
				CLANG_CXX_LANGUAGE_STANDARD = "gnu++20";
				CLANG_ENABLE_MODULES = YES;
				CLANG_ENABLE_OBJC_ARC = YES;
				CLANG_ENABLE_OBJC_WEAK = YES;
				CLANG_WARN_BLOCK_CAPTURE_AUTORELEASING = YES;
				CLANG_WARN_BOOL_CONVERSION = YES;
				CLANG_WARN_COMMA = YES;
				CLANG_WARN_CONSTANT_CONVERSION = YES;
				CLANG_WARN_DEPRECATED_OBJC_IMPLEMENTATIONS = YES;
				CLANG_WARN_DIRECT_OBJC_ISA_USAGE = YES_ERROR;
				CLANG_WARN_DOCUMENTATION_COMMENTS = YES;
				CLANG_WARN_EMPTY_BODY = YES;
				CLANG_WARN_ENUM_CONVERSION = YES;
				CLANG_WARN_INFINITE_RECURSION = YES;
				CLANG_WARN_INT_CONVERSION = YES;
				CLANG_WARN_NON_LITERAL_NULL_CONVERSION = YES;
				CLANG_WARN_OBJC_IMPLICIT_RETAIN_SELF = YES;
				CLANG_WARN_OBJC_LITERAL_CONVERSION = YES;
				CLANG_WARN_OBJC_ROOT_CLASS = YES_ERROR;
				CLANG_WARN_QUOTED_INCLUDE_IN_FRAMEWORK_HEADER = YES;
				CLANG_WARN_RANGE_LOOP_ANALYSIS = YES;
				CLANG_WARN_STRICT_PROTOTYPES = YES;
				CLANG_WARN_SUSPICIOUS_MOVE = YES;
				CLANG_WARN_UNGUARDED_AVAILABILITY = YES_AGGRESSIVE;
				CLANG_WARN_UNREACHABLE_CODE = YES;
				CLANG_WARN__DUPLICATE_METHOD_MATCH = YES;
				COPY_PHASE_STRIP = NO;
				DEBUG_INFORMATION_FORMAT = dwarf;
				ENABLE_STRICT_OBJC_MSGSEND = YES;
				ENABLE_TESTABILITY = YES;
				ENABLE_USER_SCRIPT_SANDBOXING = YES;
				GCC_C_LANGUAGE_STANDARD = gnu17;
				GCC_DYNAMIC_NO_PIC = NO;
				GCC_NO_COMMON_BLOCKS = YES;
				GCC_OPTIMIZATION_LEVEL = 0;
				GCC_PREPROCESSOR_DEFINITIONS = (
					"DEBUG=1",
					"$(inherited)",
				);
				GCC_WARN_64_TO_32_BIT_CONVERSION = YES;
				GCC_WARN_ABOUT_RETURN_TYPE = YES_ERROR;
				GCC_WARN_UNDECLARED_SELECTOR = YES;
				GCC_WARN_UNINITIALIZED_AUTOS = YES_AGGRESSIVE;
				GCC_WARN_UNUSED_FUNCTION = YES;
				GCC_WARN_UNUSED_VARIABLE = YES;
				IPHONEOS_DEPLOYMENT_TARGET = 17.2;
				LOCALIZATION_PREFERS_STRING_CATALOGS = YES;
				MTL_ENABLE_DEBUG_INFO = INCLUDE_SOURCE;
				MTL_FAST_MATH = YES;
				ONLY_ACTIVE_ARCH = YES;
				SDKROOT = iphoneos;
				SWIFT_ACTIVE_COMPILATION_CONDITIONS = "DEBUG $(inherited)";
				SWIFT_OPTIMIZATION_LEVEL = "-Onone";
			};
			name = Debug;
		};
		B3D1902F2B3463A1009610FA /* Release */ = {
			isa = XCBuildConfiguration;
			buildSettings = {
				ALWAYS_SEARCH_USER_PATHS = NO;
				ASSETCATALOG_COMPILER_GENERATE_SWIFT_ASSET_SYMBOL_EXTENSIONS = YES;
				CLANG_ANALYZER_NONNULL = YES;
				CLANG_ANALYZER_NUMBER_OBJECT_CONVERSION = YES_AGGRESSIVE;
				CLANG_CXX_LANGUAGE_STANDARD = "gnu++20";
				CLANG_ENABLE_MODULES = YES;
				CLANG_ENABLE_OBJC_ARC = YES;
				CLANG_ENABLE_OBJC_WEAK = YES;
				CLANG_WARN_BLOCK_CAPTURE_AUTORELEASING = YES;
				CLANG_WARN_BOOL_CONVERSION = YES;
				CLANG_WARN_COMMA = YES;
				CLANG_WARN_CONSTANT_CONVERSION = YES;
				CLANG_WARN_DEPRECATED_OBJC_IMPLEMENTATIONS = YES;
				CLANG_WARN_DIRECT_OBJC_ISA_USAGE = YES_ERROR;
				CLANG_WARN_DOCUMENTATION_COMMENTS = YES;
				CLANG_WARN_EMPTY_BODY = YES;
				CLANG_WARN_ENUM_CONVERSION = YES;
				CLANG_WARN_INFINITE_RECURSION = YES;
				CLANG_WARN_INT_CONVERSION = YES;
				CLANG_WARN_NON_LITERAL_NULL_CONVERSION = YES;
				CLANG_WARN_OBJC_IMPLICIT_RETAIN_SELF = YES;
				CLANG_WARN_OBJC_LITERAL_CONVERSION = YES;
				CLANG_WARN_OBJC_ROOT_CLASS = YES_ERROR;
				CLANG_WARN_QUOTED_INCLUDE_IN_FRAMEWORK_HEADER = YES;
				CLANG_WARN_RANGE_LOOP_ANALYSIS = YES;
				CLANG_WARN_STRICT_PROTOTYPES = YES;
				CLANG_WARN_SUSPICIOUS_MOVE = YES;
				CLANG_WARN_UNGUARDED_AVAILABILITY = YES_AGGRESSIVE;
				CLANG_WARN_UNREACHABLE_CODE = YES;
				CLANG_WARN__DUPLICATE_METHOD_MATCH = YES;
				COPY_PHASE_STRIP = NO;
				DEBUG_INFORMATION_FORMAT = "dwarf-with-dsym";
				ENABLE_NS_ASSERTIONS = NO;
				ENABLE_STRICT_OBJC_MSGSEND = YES;
				ENABLE_USER_SCRIPT_SANDBOXING = YES;
				GCC_C_LANGUAGE_STANDARD = gnu17;
				GCC_NO_COMMON_BLOCKS = YES;
				GCC_WARN_64_TO_32_BIT_CONVERSION = YES;
				GCC_WARN_ABOUT_RETURN_TYPE = YES_ERROR;
				GCC_WARN_UNDECLARED_SELECTOR = YES;
				GCC_WARN_UNINITIALIZED_AUTOS = YES_AGGRESSIVE;
				GCC_WARN_UNUSED_FUNCTION = YES;
				GCC_WARN_UNUSED_VARIABLE = YES;
				IPHONEOS_DEPLOYMENT_TARGET = 17.2;
				LOCALIZATION_PREFERS_STRING_CATALOGS = YES;
				MTL_ENABLE_DEBUG_INFO = NO;
				MTL_FAST_MATH = YES;
				SDKROOT = iphoneos;
				SWIFT_COMPILATION_MODE = wholemodule;
				VALIDATE_PRODUCT = YES;
			};
			name = Release;
		};
		B3D190312B3463A1009610FA /* Debug */ = {
			isa = XCBuildConfiguration;
			buildSettings = {
				ASSETCATALOG_COMPILER_APPICON_NAME = AppIcon;
				ASSETCATALOG_COMPILER_GLOBAL_ACCENT_COLOR_NAME = AccentColor;
				CODE_SIGN_STYLE = Automatic;
				CURRENT_PROJECT_VERSION = 1;
				DEVELOPMENT_ASSET_PATHS = "\"Relief/Preview Content\"";
				DEVELOPMENT_TEAM = QRM3FUJB2N;
				ENABLE_PREVIEWS = YES;
				GENERATE_INFOPLIST_FILE = YES;
				INFOPLIST_FILE = Relief/Info.plist;
				INFOPLIST_KEY_CFBundleDisplayName = "";
				INFOPLIST_KEY_LSApplicationCategoryType = "";
				INFOPLIST_KEY_UIApplicationSceneManifest_Generation = YES;
				INFOPLIST_KEY_UIApplicationSupportsIndirectInputEvents = YES;
				INFOPLIST_KEY_UILaunchScreen_Generation = YES;
				INFOPLIST_KEY_UIStatusBarStyle = "";
				INFOPLIST_KEY_UISupportedInterfaceOrientations_iPad = "UIInterfaceOrientationPortrait UIInterfaceOrientationPortraitUpsideDown UIInterfaceOrientationLandscapeLeft UIInterfaceOrientationLandscapeRight";
				INFOPLIST_KEY_UISupportedInterfaceOrientations_iPhone = "UIInterfaceOrientationPortrait UIInterfaceOrientationLandscapeLeft UIInterfaceOrientationLandscapeRight";
				IPHONEOS_DEPLOYMENT_TARGET = 16.4;
				LD_RUNPATH_SEARCH_PATHS = (
					"$(inherited)",
					"@executable_path/Frameworks",
				);
				MARKETING_VERSION = 1.0;
				PRODUCT_BUNDLE_IDENTIFIER = com.leonardobilhalva.relief.Relief;
				PRODUCT_NAME = "$(TARGET_NAME)";
				SWIFT_EMIT_LOC_STRINGS = YES;
				SWIFT_VERSION = 5.0;
				TARGETED_DEVICE_FAMILY = "1,2";
			};
			name = Debug;
		};
		B3D190322B3463A1009610FA /* Release */ = {
			isa = XCBuildConfiguration;
			buildSettings = {
				ASSETCATALOG_COMPILER_APPICON_NAME = AppIcon;
				ASSETCATALOG_COMPILER_GLOBAL_ACCENT_COLOR_NAME = AccentColor;
				CODE_SIGN_STYLE = Automatic;
				CURRENT_PROJECT_VERSION = 1;
				DEVELOPMENT_ASSET_PATHS = "\"Relief/Preview Content\"";
				DEVELOPMENT_TEAM = QRM3FUJB2N;
				ENABLE_PREVIEWS = YES;
				GENERATE_INFOPLIST_FILE = YES;
				INFOPLIST_FILE = Relief/Info.plist;
				INFOPLIST_KEY_CFBundleDisplayName = "";
				INFOPLIST_KEY_LSApplicationCategoryType = "";
				INFOPLIST_KEY_UIApplicationSceneManifest_Generation = YES;
				INFOPLIST_KEY_UIApplicationSupportsIndirectInputEvents = YES;
				INFOPLIST_KEY_UILaunchScreen_Generation = YES;
				INFOPLIST_KEY_UIStatusBarStyle = "";
				INFOPLIST_KEY_UISupportedInterfaceOrientations_iPad = "UIInterfaceOrientationPortrait UIInterfaceOrientationPortraitUpsideDown UIInterfaceOrientationLandscapeLeft UIInterfaceOrientationLandscapeRight";
				INFOPLIST_KEY_UISupportedInterfaceOrientations_iPhone = "UIInterfaceOrientationPortrait UIInterfaceOrientationLandscapeLeft UIInterfaceOrientationLandscapeRight";
				IPHONEOS_DEPLOYMENT_TARGET = 16.4;
				LD_RUNPATH_SEARCH_PATHS = (
					"$(inherited)",
					"@executable_path/Frameworks",
				);
				MARKETING_VERSION = 1.0;
				PRODUCT_BUNDLE_IDENTIFIER = com.leonardobilhalva.relief.Relief;
				PRODUCT_NAME = "$(TARGET_NAME)";
				SWIFT_EMIT_LOC_STRINGS = YES;
				SWIFT_VERSION = 5.0;
				TARGETED_DEVICE_FAMILY = "1,2";
			};
			name = Release;
		};
		B3D190342B3463A1009610FA /* Debug */ = {
			isa = XCBuildConfiguration;
			buildSettings = {
				ALWAYS_EMBED_SWIFT_STANDARD_LIBRARIES = YES;
				BUNDLE_LOADER = "$(TEST_HOST)";
				CODE_SIGN_STYLE = Automatic;
				CURRENT_PROJECT_VERSION = 1;
				DEVELOPMENT_TEAM = QRM3FUJB2N;
				GENERATE_INFOPLIST_FILE = YES;
				IPHONEOS_DEPLOYMENT_TARGET = 17.2;
				MARKETING_VERSION = 1.0;
				PRODUCT_BUNDLE_IDENTIFIER = com.leonardobilhalva.relief.ReliefTests;
				PRODUCT_NAME = "$(TARGET_NAME)";
				SWIFT_EMIT_LOC_STRINGS = NO;
				SWIFT_VERSION = 5.0;
				TARGETED_DEVICE_FAMILY = "1,2";
				TEST_HOST = "$(BUILT_PRODUCTS_DIR)/Relief.app/$(BUNDLE_EXECUTABLE_FOLDER_PATH)/Relief";
			};
			name = Debug;
		};
		B3D190352B3463A1009610FA /* Release */ = {
			isa = XCBuildConfiguration;
			buildSettings = {
				ALWAYS_EMBED_SWIFT_STANDARD_LIBRARIES = YES;
				BUNDLE_LOADER = "$(TEST_HOST)";
				CODE_SIGN_STYLE = Automatic;
				CURRENT_PROJECT_VERSION = 1;
				DEVELOPMENT_TEAM = QRM3FUJB2N;
				GENERATE_INFOPLIST_FILE = YES;
				IPHONEOS_DEPLOYMENT_TARGET = 17.2;
				MARKETING_VERSION = 1.0;
				PRODUCT_BUNDLE_IDENTIFIER = com.leonardobilhalva.relief.ReliefTests;
				PRODUCT_NAME = "$(TARGET_NAME)";
				SWIFT_EMIT_LOC_STRINGS = NO;
				SWIFT_VERSION = 5.0;
				TARGETED_DEVICE_FAMILY = "1,2";
				TEST_HOST = "$(BUILT_PRODUCTS_DIR)/Relief.app/$(BUNDLE_EXECUTABLE_FOLDER_PATH)/Relief";
			};
			name = Release;
		};
		B3D190372B3463A1009610FA /* Debug */ = {
			isa = XCBuildConfiguration;
			buildSettings = {
				ALWAYS_EMBED_SWIFT_STANDARD_LIBRARIES = YES;
				CODE_SIGN_STYLE = Automatic;
				CURRENT_PROJECT_VERSION = 1;
				DEVELOPMENT_TEAM = QRM3FUJB2N;
				GENERATE_INFOPLIST_FILE = YES;
				MARKETING_VERSION = 1.0;
				PRODUCT_BUNDLE_IDENTIFIER = com.leonardobilhalva.relief.ReliefUITests;
				PRODUCT_NAME = "$(TARGET_NAME)";
				SWIFT_EMIT_LOC_STRINGS = NO;
				SWIFT_VERSION = 5.0;
				TARGETED_DEVICE_FAMILY = "1,2";
				TEST_TARGET_NAME = Relief;
			};
			name = Debug;
		};
		B3D190382B3463A1009610FA /* Release */ = {
			isa = XCBuildConfiguration;
			buildSettings = {
				ALWAYS_EMBED_SWIFT_STANDARD_LIBRARIES = YES;
				CODE_SIGN_STYLE = Automatic;
				CURRENT_PROJECT_VERSION = 1;
				DEVELOPMENT_TEAM = QRM3FUJB2N;
				GENERATE_INFOPLIST_FILE = YES;
				MARKETING_VERSION = 1.0;
				PRODUCT_BUNDLE_IDENTIFIER = com.leonardobilhalva.relief.ReliefUITests;
				PRODUCT_NAME = "$(TARGET_NAME)";
				SWIFT_EMIT_LOC_STRINGS = NO;
				SWIFT_VERSION = 5.0;
				TARGETED_DEVICE_FAMILY = "1,2";
				TEST_TARGET_NAME = Relief;
			};
			name = Release;
		};
/* End XCBuildConfiguration section */

/* Begin XCConfigurationList section */
		B3D190072B3463A0009610FA /* Build configuration list for PBXProject "Relief" */ = {
			isa = XCConfigurationList;
			buildConfigurations = (
				B3D1902E2B3463A1009610FA /* Debug */,
				B3D1902F2B3463A1009610FA /* Release */,
			);
			defaultConfigurationIsVisible = 0;
			defaultConfigurationName = Release;
		};
		B3D190302B3463A1009610FA /* Build configuration list for PBXNativeTarget "Relief" */ = {
			isa = XCConfigurationList;
			buildConfigurations = (
				B3D190312B3463A1009610FA /* Debug */,
				B3D190322B3463A1009610FA /* Release */,
			);
			defaultConfigurationIsVisible = 0;
			defaultConfigurationName = Release;
		};
		B3D190332B3463A1009610FA /* Build configuration list for PBXNativeTarget "ReliefTests" */ = {
			isa = XCConfigurationList;
			buildConfigurations = (
				B3D190342B3463A1009610FA /* Debug */,
				B3D190352B3463A1009610FA /* Release */,
			);
			defaultConfigurationIsVisible = 0;
			defaultConfigurationName = Release;
		};
		B3D190362B3463A1009610FA /* Build configuration list for PBXNativeTarget "ReliefUITests" */ = {
			isa = XCConfigurationList;
			buildConfigurations = (
				B3D190372B3463A1009610FA /* Debug */,
				B3D190382B3463A1009610FA /* Release */,
			);
			defaultConfigurationIsVisible = 0;
			defaultConfigurationName = Release;
		};
/* End XCConfigurationList section */
	};
	rootObject = B3D190042B3463A0009610FA /* Project object */;
}
